
Microsoft Visual Studio Solution File, Format Version 12.00
# Visual Studio Version 18
VisualStudioVersion = 18.6.11723.189 insiders
MinimumVisualStudioVersion = 10.0.40219.1
Project("{FAE04EC0-301F-11D3-BF4B-00C04F79EFBC}") = "AdvancedGSTApp", "AdvancedGSTApp.csproj", "{58B4EF06-B5DC-D557-4AE0-720F21534210}"
EndProject
Global
	GlobalSection(SolutionConfigurationPlatforms) = preSolution
		Debug|Any CPU = Debug|Any CPU
		Release|Any CPU = Release|Any CPU
	EndGlobalSection
	GlobalSection(ProjectConfigurationPlatforms) = postSolution
		{58B4EF06-B5DC-D557-4AE0-720F21534210}.Debug|Any CPU.ActiveCfg = Debug|Any CPU
		{58B4EF06-B5DC-D557-4AE0-720F21534210}.Debug|Any CPU.Build.0 = Debug|Any CPU
		{58B4EF06-B5DC-D557-4AE0-720F21534210}.Release|Any CPU.ActiveCfg = Release|Any CPU
		{58B4EF06-B5DC-D557-4AE0-720F21534210}.Release|Any CPU.Build.0 = Release|Any CPU
	EndGlobalSection
	GlobalSection(SolutionProperties) = preSolution
		HideSolutionNode = FALSE
	EndGlobalSection
	GlobalSection(ExtensibilityGlobals) = postSolution
		SolutionGuid = {BFB47465-DFDC-46BD-9C89-222564AF736A}
	EndGlobalSection
EndGlobal
